{
  "name": "task-management-app",
  "lockfileVersion": 3,
  "requires": true,
  "packages": {
    "": {
      "dependencies": {
        "validator": "^13.12.0"
      },
      "devDependencies": {
        "@types/validator": "^13.12.0"
      }
    },
    "node_modules/@types/validator": {
      "version": "13.12.0",
      "resolved": "https://registry.npmjs.org/@types/validator/-/validator-13.12.0.tgz",
      "integrity": "sha512-nH45Lk7oPIJ1RVOF6JgFI6Dy0QpHEzq4QecZhvguxYPDwT8c93prCMqAtiIttm39voZ+DDR+qkNnMpJmMBRqag==",
      "dev": true
    },
    "node_modules/validator": {
      "version": "13.12.0",
      "resolved": "https://registry.npmjs.org/validator/-/validator-13.12.0.tgz",
      "integrity": "sha512-c1Q0mCiPlgdTVVVIJIrBuxNicYE+t/7oKeI9MWLj3fh/uq2Pxh/3eeWbVZ4OcGW1TUf53At0njHw5SMdA3tmMg==",
      "engines": {
        "node": ">= 0.10"
      }
    }
  }
}
